
Microsoft Visual Studio Solution File, Format Version 12.00
# Visual Studio Version 17
VisualStudioVersion = 17.0.31903.59
MinimumVisualStudioVersion = 10.0.40219.1
Project("{2150E333-8FDC-42A3-9474-1A3956D46DE8}") = "Shared", "Shared", "{925C9B2F-273F-48DA-8634-D80A8B581537}"
EndProject
Project("{FAE04EC0-301F-11D3-BF4B-00C04F79EFBC}") = "HelloWorld.Interfaces.Hello", "src\Shared\HelloWorld.Interfaces.Hello\HelloWorld.Interfaces.Hello.csproj", "{91E13F15-9337-459C-9CB8-0E2104CB8859}"
EndProject
Project("{2150E333-8FDC-42A3-9474-1A3956D46DE8}") = "Grains", "Grains", "{EEBF90CE-4990-485F-9513-78EF57ACF969}"
EndProject
Project("{FAE04EC0-301F-11D3-BF4B-00C04F79EFBC}") = "HelloWorld.Grains.Greeting", "src\Grains\HelloWorld.Grains.Greeting\HelloWorld.Grains.Greeting.csproj", "{D7F93C3E-2660-4BA5-B531-B0002E6019C3}"
EndProject
Global
	GlobalSection(SolutionConfigurationPlatforms) = preSolution
		Debug|Any CPU = Debug|Any CPU
		Release|Any CPU = Release|Any CPU
	EndGlobalSection
	GlobalSection(SolutionProperties) = preSolution
		HideSolutionNode = FALSE
	EndGlobalSection
	GlobalSection(ProjectConfigurationPlatforms) = postSolution
		{91E13F15-9337-459C-9CB8-0E2104CB8859}.Debug|Any CPU.ActiveCfg = Debug|Any CPU
		{91E13F15-9337-459C-9CB8-0E2104CB8859}.Debug|Any CPU.Build.0 = Debug|Any CPU
		{91E13F15-9337-459C-9CB8-0E2104CB8859}.Release|Any CPU.ActiveCfg = Release|Any CPU
		{91E13F15-9337-459C-9CB8-0E2104CB8859}.Release|Any CPU.Build.0 = Release|Any CPU
		{D7F93C3E-2660-4BA5-B531-B0002E6019C3}.Debug|Any CPU.ActiveCfg = Debug|Any CPU
		{D7F93C3E-2660-4BA5-B531-B0002E6019C3}.Debug|Any CPU.Build.0 = Debug|Any CPU
		{D7F93C3E-2660-4BA5-B531-B0002E6019C3}.Release|Any CPU.ActiveCfg = Release|Any CPU
		{D7F93C3E-2660-4BA5-B531-B0002E6019C3}.Release|Any CPU.Build.0 = Release|Any CPU
	EndGlobalSection
	GlobalSection(NestedProjects) = preSolution
		{91E13F15-9337-459C-9CB8-0E2104CB8859} = {925C9B2F-273F-48DA-8634-D80A8B581537}
		{D7F93C3E-2660-4BA5-B531-B0002E6019C3} = {EEBF90CE-4990-485F-9513-78EF57ACF969}
	EndGlobalSection
EndGlobal
